
Microsoft Visual Studio Solution File, Format Version 12.00
# Visual Studio Version 16
VisualStudioVersion = 16.0.30621.155
MinimumVisualStudioVersion = 10.0.40219.1
Project("{FAE04EC0-301F-11D3-BF4B-00C04F79EFBC}") = "EVE Tools", "EVE Tools\EVE Tools.csproj", "{CD0F908C-4500-421E-9F35-7A1F792E012A}"
EndProject
Global
	GlobalSection(SolutionConfigurationPlatforms) = preSolution
		Debug|Any CPU = Debug|Any CPU
		Release|Any CPU = Release|Any CPU
	EndGlobalSection
	GlobalSection(ProjectConfigurationPlatforms) = postSolution
		{CD0F908C-4500-421E-9F35-7A1F792E012A}.Debug|Any CPU.ActiveCfg = Debug|Any CPU
		{CD0F908C-4500-421E-9F35-7A1F792E012A}.Debug|Any CPU.Build.0 = Debug|Any CPU
		{CD0F908C-4500-421E-9F35-7A1F792E012A}.Release|Any CPU.ActiveCfg = Release|Any CPU
		{CD0F908C-4500-421E-9F35-7A1F792E012A}.Release|Any CPU.Build.0 = Release|Any CPU
	EndGlobalSection
	GlobalSection(SolutionProperties) = preSolution
		HideSolutionNode = FALSE
	EndGlobalSection
	GlobalSection(ExtensibilityGlobals) = postSolution
		SolutionGuid = {1717AA99-68C0-43F2-9224-A172826B9429}
	EndGlobalSection
EndGlobal
